
Microsoft Visual Studio Solution File, Format Version 12.00
# Visual Studio Version 17
VisualStudioVersion = 17.12.35527.113
MinimumVisualStudioVersion = 10.0.40219.1
Project("{FAE04EC0-301F-11D3-BF4B-00C04F79EFBC}") = "Backend", "Backend.csproj", "{B209245F-3B08-4BDB-A134-989CB6686ADD}"
EndProject
Global
	GlobalSection(SolutionConfigurationPlatforms) = preSolution
		Debug|Any CPU = Debug|Any CPU
		Release|Any CPU = Release|Any CPU
	EndGlobalSection
	GlobalSection(ProjectConfigurationPlatforms) = postSolution
		{B209245F-3B08-4BDB-A134-989CB6686ADD}.Debug|Any CPU.ActiveCfg = Debug|Any CPU
		{B209245F-3B08-4BDB-A134-989CB6686ADD}.Debug|Any CPU.Build.0 = Debug|Any CPU
		{B209245F-3B08-4BDB-A134-989CB6686ADD}.Release|Any CPU.ActiveCfg = Release|Any CPU
		{B209245F-3B08-4BDB-A134-989CB6686ADD}.Release|Any CPU.Build.0 = Release|Any CPU
	EndGlobalSection
	GlobalSection(SolutionProperties) = preSolution
		HideSolutionNode = FALSE
	EndGlobalSection
EndGlobal
